
Microsoft Visual Studio Solution File, Format Version 12.00
# Visual Studio Version 17
VisualStudioVersion = 17.1.32328.378
MinimumVisualStudioVersion = 10.0.40219.1
Project("{FAE04EC0-301F-11D3-BF4B-00C04F79EFBC}") = "RestaurantAtlantis", "RestaurantAtlantis.csproj", "{C987E47F-FA54-4A65-A130-16A9F549C45E}"
EndProject
Global
	GlobalSection(SolutionConfigurationPlatforms) = preSolution
		Debug|Any CPU = Debug|Any CPU
		Release|Any CPU = Release|Any CPU
	EndGlobalSection
	GlobalSection(ProjectConfigurationPlatforms) = postSolution
		{C987E47F-FA54-4A65-A130-16A9F549C45E}.Debug|Any CPU.ActiveCfg = Debug|Any CPU
		{C987E47F-FA54-4A65-A130-16A9F549C45E}.Debug|Any CPU.Build.0 = Debug|Any CPU
		{C987E47F-FA54-4A65-A130-16A9F549C45E}.Release|Any CPU.ActiveCfg = Release|Any CPU
		{C987E47F-FA54-4A65-A130-16A9F549C45E}.Release|Any CPU.Build.0 = Release|Any CPU
	EndGlobalSection
	GlobalSection(SolutionProperties) = preSolution
		HideSolutionNode = FALSE
	EndGlobalSection
	GlobalSection(ExtensibilityGlobals) = postSolution
		SolutionGuid = {1100BA3E-1E56-44CD-B4DF-0DA6FBFDFC8D}
	EndGlobalSection
EndGlobal
